PODS:
  - atomic_sdk_flutter (1.0.0):
    - AtomicSDK (= 1.1.8)
    - Flutter
  - AtomicSDK (1.1.8)
  - Flutter (1.0.0)

DEPENDENCIES:
  - atomic_sdk_flutter (from `.symlinks/plugins/atomic_sdk_flutter/ios`)
  - AtomicSDK (= 1.1.8)
  - Flutter (from `Flutter`)

SPEC REPOS:
  https://github.com/atomic-app/action-cards-ios-sdk-specs.git:
    - AtomicSDK

EXTERNAL SOURCES:
  atomic_sdk_flutter:
    :path: ".symlinks/plugins/atomic_sdk_flutter/ios"
  Flutter:
    :path: Flutter

SPEC CHECKSUMS:
  atomic_sdk_flutter: 1f4d1d4ab01a559f5846ad41eda22dcff09ed7a9
  AtomicSDK: ff592473a33ce1782b3e1a18df223573c116cb95
  Flutter: f04841e97a9d0b0a8025694d0796dd46242b2854

PODFILE CHECKSUM: f6d508f6fc4b6df7d80e3ed09c5727ce090d284d

COCOAPODS: 1.14.2
